
Microsoft Visual Studio Solution File, Format Version 12.00
# Visual Studio 15
VisualStudioVersion = 15.0.27130.2027
MinimumVisualStudioVersion = 10.0.40219.1
Project("{FAE04EC0-301F-11D3-BF4B-00C04F79EFBC}") = "Custom_WoL", "Custom_WoL\Custom_WoL.csproj", "{007E5A83-A0C3-4014-ADF3-6E88289843D1}"
EndProject
Global
	GlobalSection(SolutionConfigurationPlatforms) = preSolution
		Debug|Any CPU = Debug|Any CPU
		Release|Any CPU = Release|Any CPU
	EndGlobalSection
	GlobalSection(ProjectConfigurationPlatforms) = postSolution
		{007E5A83-A0C3-4014-ADF3-6E88289843D1}.Debug|Any CPU.ActiveCfg = Debug|Any CPU
		{007E5A83-A0C3-4014-ADF3-6E88289843D1}.Debug|Any CPU.Build.0 = Debug|Any CPU
		{007E5A83-A0C3-4014-ADF3-6E88289843D1}.Release|Any CPU.ActiveCfg = Release|Any CPU
		{007E5A83-A0C3-4014-ADF3-6E88289843D1}.Release|Any CPU.Build.0 = Release|Any CPU
	EndGlobalSection
	GlobalSection(SolutionProperties) = preSolution
		HideSolutionNode = FALSE
	EndGlobalSection
	GlobalSection(ExtensibilityGlobals) = postSolution
		SolutionGuid = {D446536F-111B-407E-BECD-8E1FAD9336B7}
	EndGlobalSection
EndGlobal
